
Microsoft Visual Studio Solution File, Format Version 12.00
# Visual Studio Version 17
VisualStudioVersion = 17.3.32922.545
MinimumVisualStudioVersion = 10.0.40219.1
Project("{FAE04EC0-301F-11D3-BF4B-00C04F79EFBC}") = "Timeliner", "Timeliner\Timeliner.csproj", "{7103E329-11F0-4773-A85E-57E182401622}"
EndProject
Global
	GlobalSection(SolutionConfigurationPlatforms) = preSolution
		Debug|Any CPU = Debug|Any CPU
		Release|Any CPU = Release|Any CPU
	EndGlobalSection
	GlobalSection(ProjectConfigurationPlatforms) = postSolution
		{7103E329-11F0-4773-A85E-57E182401622}.Debug|Any CPU.ActiveCfg = Debug|Any CPU
		{7103E329-11F0-4773-A85E-57E182401622}.Debug|Any CPU.Build.0 = Debug|Any CPU
		{7103E329-11F0-4773-A85E-57E182401622}.Release|Any CPU.ActiveCfg = Release|Any CPU
		{7103E329-11F0-4773-A85E-57E182401622}.Release|Any CPU.Build.0 = Release|Any CPU
	EndGlobalSection
	GlobalSection(SolutionProperties) = preSolution
		HideSolutionNode = FALSE
	EndGlobalSection
	GlobalSection(ExtensibilityGlobals) = postSolution
		SolutionGuid = {C980A0CC-F6BA-4D63-8854-7C807EA4E653}
	EndGlobalSection
EndGlobal
